// !$*UTF8*$!
{
	archiveVersion = 1;
	classes = {
	};
	objectVersion = 51;
	objects = {

/* Begin PBXBuildFile section */
		2F24B181C83B546F98F92F4F /* T&CViewController.swift in Sources */ = {isa = PBXBuildFile; fileRef = 2F24B7E4D9C725E3A9D2BEC1 /* T&CViewController.swift */; };
		2F24B1FFE8F7581EAA6C3C16 /* GoogleService-Info.plist in Resources */ = {isa = PBXBuildFile; fileRef = 2F24B01073EC99E7F1879010 /* GoogleService-Info.plist */; };
		2F24B4D86AD168655ADF9365 /* Recent.swift in Sources */ = {isa = PBXBuildFile; fileRef = 2F24BCA9650B176F7CC8C7B1 /* Recent.swift */; };
		2F24B57EAA67AFFDF53CDEA2 /* PhotoMediaItem.swift in Sources */ = {isa = PBXBuildFile; fileRef = 2F24BDA932E7BB4D81C75852 /* PhotoMediaItem.swift */; };
		2F24B62B125405C255ED9C37 /* VideoMessage.swift in Sources */ = {isa = PBXBuildFile; fileRef = 2F24B6E4CCFCDFF286D991C4 /* VideoMessage.swift */; };
		2F24B71E990B30F8F60C9F26 /* Group.swift in Sources */ = {isa = PBXBuildFile; fileRef = 2F24B4723892A65E5386F776 /* Group.swift */; };
		2F24B7CCBE7A1826EA9DA438 /* UsersTableViewController.swift in Sources */ = {isa = PBXBuildFile; fileRef = 2F24BE83F62D4AB1C5F27C62 /* UsersTableViewController.swift */; };
		2F24B7E6A601EE23ECF0E551 /* Constants.swift in Sources */ = {isa = PBXBuildFile; fileRef = 2F24B53CDA89F2EE985CA25D /* Constants.swift */; };
		2F24B80B0E68340D29B9FE9F /* CountryCode.swift in Sources */ = {isa = PBXBuildFile; fileRef = 2F24BE2187A8F555FC5A1049 /* CountryCode.swift */; };
		2F24B8199665CC48537C6DA8 /* CollectionReference.swift in Sources */ = {isa = PBXBuildFile; fileRef = 2F24B11FA3BE51387510FCBF /* CollectionReference.swift */; };
		2F24B994D87E04AC2FFF13B7 /* NewGroupViewController.swift in Sources */ = {isa = PBXBuildFile; fileRef = 2F24B4F5BD410231A609B6C9 /* NewGroupViewController.swift */; };
		2F24B9A6E74A2BD9390C13FF /* IncomingMessages.swift in Sources */ = {isa = PBXBuildFile; fileRef = 2F24BD68D8BFB0D44E04D347 /* IncomingMessages.swift */; };
		2F24BA08A37C6F1B4F667A9B /* OutgoingMessages.swift in Sources */ = {isa = PBXBuildFile; fileRef = 2F24BFA5EEE0E6C915AEE3F1 /* OutgoingMessages.swift */; };
		2F24BA26BE5797C0CD5D24F0 /* Camera.swift in Sources */ = {isa = PBXBuildFile; fileRef = 2F24B71813BDE0E679E18D25 /* Camera.swift */; };
		2F24BB0DAEC60C5FAEABEE79 /* FUser.swift in Sources */ = {isa = PBXBuildFile; fileRef = 2F24B837C7BAB72C24551700 /* FUser.swift */; };
		2F24BBBC0E1061F62378B03B /* Downloader.swift in Sources */ = {isa = PBXBuildFile; fileRef = 2F24B8FD71673A9E5982F464 /* Downloader.swift */; };
		2F24BBFE520A4266E0C30765 /* AudioViewController.swift in Sources */ = {isa = PBXBuildFile; fileRef = 2F24B4E2E6D3116F8092036B /* AudioViewController.swift */; };
		2F24BE887386E335EAB7382D /* UserTableViewCell.swift in Sources */ = {isa = PBXBuildFile; fileRef = 2F24B870830B49375E10E55A /* UserTableViewCell.swift */; };
		2F24BF29EC93C11F6E2F3461 /* HelperFunctions.swift in Sources */ = {isa = PBXBuildFile; fileRef = 2F24B0FAFC2BED109517ACBF /* HelperFunctions.swift */; };
		46C4C9AB332801A4A59B39AD /* Pods_iChat.framework in Frameworks */ = {isa = PBXBuildFile; fileRef = D86586CD8D9CB56B7275CD9C /* Pods_iChat.framework */; };
		9E20B66022E74BF200EDFA89 /* AppDelegate.swift in Sources */ = {isa = PBXBuildFile; fileRef = 9E20B65F22E74BF200EDFA89 /* AppDelegate.swift */; };
		9E20B66522E74BF200EDFA89 /* Main.storyboard in Resources */ = {isa = PBXBuildFile; fileRef = 9E20B66322E74BF200EDFA89 /* Main.storyboard */; };
		9E20B66722E74BF300EDFA89 /* Assets.xcassets in Resources */ = {isa = PBXBuildFile; fileRef = 9E20B66622E74BF300EDFA89 /* Assets.xcassets */; };
		9E20B66A22E74BF300EDFA89 /* LaunchScreen.storyboard in Resources */ = {isa = PBXBuildFile; fileRef = 9E20B66822E74BF300EDFA89 /* LaunchScreen.storyboard */; };
		9E20B67222E74EF600EDFA89 /* WelcomeViewController.swift in Sources */ = {isa = PBXBuildFile; fileRef = 9E20B67122E74EF600EDFA89 /* WelcomeViewController.swift */; };
		9E2EF75022E9963400B50126 /* ProfileViewTableViewController.swift in Sources */ = {isa = PBXBuildFile; fileRef = 9E2EF74F22E9963400B50126 /* ProfileViewTableViewController.swift */; };
		9E398ECB22F46291005B7FBE /* ContactsTableViewController.swift in Sources */ = {isa = PBXBuildFile; fileRef = 9E398ECA22F46291005B7FBE /* ContactsTableViewController.swift */; };
		9E4DD92E22EB2561006A9E15 /* RecentChatsTableViewCell.swift in Sources */ = {isa = PBXBuildFile; fileRef = 9E4DD92D22EB2561006A9E15 /* RecentChatsTableViewCell.swift */; };
		9E8B789D22F07C15003E7E5D /* MapViewController.swift in Sources */ = {isa = PBXBuildFile; fileRef = 9E8B789C22F07C15003E7E5D /* MapViewController.swift */; };
		9EA8EA4722EC237100296631 /* ChatViewController.swift in Sources */ = {isa = PBXBuildFile; fileRef = 9EA8EA4622EC237100296631 /* ChatViewController.swift */; };
		9EC29C2B22F7746400AD5883 /* GroupViewController.swift in Sources */ = {isa = PBXBuildFile; fileRef = 9EC29C2A22F7746400AD5883 /* GroupViewController.swift */; };
		9EC29C2D22F77C0400AD5883 /* InviteUsersTableViewController.swift in Sources */ = {isa = PBXBuildFile; fileRef = 9EC29C2C22F77C0400AD5883 /* InviteUsersTableViewController.swift */; };
		9EC3C9B422E87D6600ECF960 /* SettingsTableViewController.swift in Sources */ = {isa = PBXBuildFile; fileRef = 9EC3C9B322E87D6600ECF960 /* SettingsTableViewController.swift */; };
		9EC9F23722E8D3D20078BA69 /* ChatsViewController.swift in Sources */ = {isa = PBXBuildFile; fileRef = 9EC9F23622E8D3D20078BA69 /* ChatsViewController.swift */; };
		9ECBCDE422F371610042D0C8 /* BlockedUsersViewController.swift in Sources */ = {isa = PBXBuildFile; fileRef = 9ECBCDE322F371610042D0C8 /* BlockedUsersViewController.swift */; };
		9ECBCDE622F37C2A0042D0C8 /* BackgroundCollectionViewController.swift in Sources */ = {isa = PBXBuildFile; fileRef = 9ECBCDE522F37C2A0042D0C8 /* BackgroundCollectionViewController.swift */; };
		9ECBCDE822F37C630042D0C8 /* BackgroundCollectionViewCell.swift in Sources */ = {isa = PBXBuildFile; fileRef = 9ECBCDE722F37C630042D0C8 /* BackgroundCollectionViewCell.swift */; };
		9ECBCDEA22F388B10042D0C8 /* EditProfileTableViewController.swift in Sources */ = {isa = PBXBuildFile; fileRef = 9ECBCDE922F388B10042D0C8 /* EditProfileTableViewController.swift */; };
		9ED0230722E825CF009CAE3C /* FinishRegistrationViewController.swift in Sources */ = {isa = PBXBuildFile; fileRef = 9ED0230622E825CF009CAE3C /* FinishRegistrationViewController.swift */; };
		9ED0C2AB22F7004C00DF9118 /* GroupMemberCollectionViewCell.swift in Sources */ = {isa = PBXBuildFile; fileRef = 9ED0C2AA22F7004C00DF9118 /* GroupMemberCollectionViewCell.swift */; };
		9EE7763722F1D6FA0040AB89 /* PicturesCollectionViewController.swift in Sources */ = {isa = PBXBuildFile; fileRef = 9EE7763622F1D6FA0040AB89 /* PicturesCollectionViewController.swift */; };
		9EE7763922F1D77F0040AB89 /* PicturesCollectionViewCell.swift in Sources */ = {isa = PBXBuildFile; fileRef = 9EE7763822F1D77F0040AB89 /* PicturesCollectionViewCell.swift */; };
/* End PBXBuildFile section */

/* Begin PBXFileReference section */
		2F24B01073EC99E7F1879010 /* GoogleService-Info.plist */ = {isa = PBXFileReference; fileEncoding = 4; lastKnownFileType = text.plist.info; path = "GoogleService-Info.plist"; sourceTree = "<group>"; };
		2F24B0FAFC2BED109517ACBF /* HelperFunctions.swift */ = {isa = PBXFileReference; fileEncoding = 4; lastKnownFileType = sourcecode.swift; path = HelperFunctions.swift; sourceTree = "<group>"; };
		2F24B11FA3BE51387510FCBF /* CollectionReference.swift */ = {isa = PBXFileReference; fileEncoding = 4; lastKnownFileType = sourcecode.swift; path = CollectionReference.swift; sourceTree = "<group>"; };
		2F24B4723892A65E5386F776 /* Group.swift */ = {isa = PBXFileReference; fileEncoding = 4; lastKnownFileType = sourcecode.swift; path = Group.swift; sourceTree = "<group>"; };
		2F24B4E2E6D3116F8092036B /* AudioViewController.swift */ = {isa = PBXFileReference; fileEncoding = 4; lastKnownFileType = sourcecode.swift; path = AudioViewController.swift; sourceTree = "<group>"; };
		2F24B4F5BD410231A609B6C9 /* NewGroupViewController.swift */ = {isa = PBXFileReference; fileEncoding = 4; lastKnownFileType = sourcecode.swift; path = NewGroupViewController.swift; sourceTree = "<group>"; };
		2F24B53CDA89F2EE985CA25D /* Constants.swift */ = {isa = PBXFileReference; fileEncoding = 4; lastKnownFileType = sourcecode.swift; path = Constants.swift; sourceTree = "<group>"; };
		2F24B6E4CCFCDFF286D991C4 /* VideoMessage.swift */ = {isa = PBXFileReference; fileEncoding = 4; lastKnownFileType = sourcecode.swift; path = VideoMessage.swift; sourceTree = "<group>"; };
		2F24B71813BDE0E679E18D25 /* Camera.swift */ = {isa = PBXFileReference; fileEncoding = 4; lastKnownFileType = sourcecode.swift; path = Camera.swift; sourceTree = "<group>"; };
		2F24B7E4D9C725E3A9D2BEC1 /* T&CViewController.swift */ = {isa = PBXFileReference; fileEncoding = 4; lastKnownFileType = sourcecode.swift; path = "T&CViewController.swift"; sourceTree = "<group>"; };
		2F24B837C7BAB72C24551700 /* FUser.swift */ = {isa = PBXFileReference; fileEncoding = 4; lastKnownFileType = sourcecode.swift; path = FUser.swift; sourceTree = "<group>"; };
		2F24B870830B49375E10E55A /* UserTableViewCell.swift */ = {isa = PBXFileReference; fileEncoding = 4; lastKnownFileType = sourcecode.swift; path = UserTableViewCell.swift; sourceTree = "<group>"; };
		2F24B8FD71673A9E5982F464 /* Downloader.swift */ = {isa = PBXFileReference; fileEncoding = 4; lastKnownFileType = sourcecode.swift; path = Downloader.swift; sourceTree = "<group>"; };
		2F24BCA9650B176F7CC8C7B1 /* Recent.swift */ = {isa = PBXFileReference; fileEncoding = 4; lastKnownFileType = sourcecode.swift; path = Recent.swift; sourceTree = "<group>"; };
		2F24BD68D8BFB0D44E04D347 /* IncomingMessages.swift */ = {isa = PBXFileReference; fileEncoding = 4; lastKnownFileType = sourcecode.swift; path = IncomingMessages.swift; sourceTree = "<group>"; };
		2F24BDA932E7BB4D81C75852 /* PhotoMediaItem.swift */ = {isa = PBXFileReference; fileEncoding = 4; lastKnownFileType = sourcecode.swift; path = PhotoMediaItem.swift; sourceTree = "<group>"; };
		2F24BE2187A8F555FC5A1049 /* CountryCode.swift */ = {isa = PBXFileReference; fileEncoding = 4; lastKnownFileType = sourcecode.swift; path = CountryCode.swift; sourceTree = "<group>"; };
		2F24BE83F62D4AB1C5F27C62 /* UsersTableViewController.swift */ = {isa = PBXFileReference; fileEncoding = 4; lastKnownFileType = sourcecode.swift; path = UsersTableViewController.swift; sourceTree = "<group>"; };
		2F24BFA5EEE0E6C915AEE3F1 /* OutgoingMessages.swift */ = {isa = PBXFileReference; fileEncoding = 4; lastKnownFileType = sourcecode.swift; path = OutgoingMessages.swift; sourceTree = "<group>"; };
		44CE1348D9827AC857C2EF25 /* Pods-iChat.debug.xcconfig */ = {isa = PBXFileReference; includeInIndex = 1; lastKnownFileType = text.xcconfig; name = "Pods-iChat.debug.xcconfig"; path = "Target Support Files/Pods-iChat/Pods-iChat.debug.xcconfig"; sourceTree = "<group>"; };
		83DAEAAC61C2CF4371F18911 /* Pods-iChat.release.xcconfig */ = {isa = PBXFileReference; includeInIndex = 1; lastKnownFileType = text.xcconfig; name = "Pods-iChat.release.xcconfig"; path = "Target Support Files/Pods-iChat/Pods-iChat.release.xcconfig"; sourceTree = "<group>"; };
		9E20B65C22E74BF200EDFA89 /* iChat.app */ = {isa = PBXFileReference; explicitFileType = wrapper.application; includeInIndex = 0; path = iChat.app; sourceTree = BUILT_PRODUCTS_DIR; };
		9E20B65F22E74BF200EDFA89 /* AppDelegate.swift */ = {isa = PBXFileReference; lastKnownFileType = sourcecode.swift; path = AppDelegate.swift; sourceTree = "<group>"; };
		9E20B66422E74BF200EDFA89 /* Base */ = {isa = PBXFileReference; lastKnownFileType = file.storyboard; name = Base; path = Base.lproj/Main.storyboard; sourceTree = "<group>"; };
		9E20B66622E74BF300EDFA89 /* Assets.xcassets */ = {isa = PBXFileReference; lastKnownFileType = folder.assetcatalog; path = Assets.xcassets; sourceTree = "<group>"; };
		9E20B66922E74BF300EDFA89 /* Base */ = {isa = PBXFileReference; lastKnownFileType = file.storyboard; name = Base; path = Base.lproj/LaunchScreen.storyboard; sourceTree = "<group>"; };
		9E20B66B22E74BF300EDFA89 /* Info.plist */ = {isa = PBXFileReference; lastKnownFileType = text.plist.xml; path = Info.plist; sourceTree = "<group>"; };
		9E20B67122E74EF600EDFA89 /* WelcomeViewController.swift */ = {isa = PBXFileReference; lastKnownFileType = sourcecode.swift; path = WelcomeViewController.swift; sourceTree = "<group>"; };
		9E2EF74F22E9963400B50126 /* ProfileViewTableViewController.swift */ = {isa = PBXFileReference; lastKnownFileType = sourcecode.swift; path = ProfileViewTableViewController.swift; sourceTree = "<group>"; };
		9E398ECA22F46291005B7FBE /* ContactsTableViewController.swift */ = {isa = PBXFileReference; lastKnownFileType = sourcecode.swift; path = ContactsTableViewController.swift; sourceTree = "<group>"; };
		9E4DD92D22EB2561006A9E15 /* RecentChatsTableViewCell.swift */ = {isa = PBXFileReference; lastKnownFileType = sourcecode.swift; path = RecentChatsTableViewCell.swift; sourceTree = "<group>"; };
		9E8B789C22F07C15003E7E5D /* MapViewController.swift */ = {isa = PBXFileReference; lastKnownFileType = sourcecode.swift; path = MapViewController.swift; sourceTree = "<group>"; };
		9EA8EA4622EC237100296631 /* ChatViewController.swift */ = {isa = PBXFileReference; lastKnownFileType = sourcecode.swift; path = ChatViewController.swift; sourceTree = "<group>"; };
		9EC29C2A22F7746400AD5883 /* GroupViewController.swift */ = {isa = PBXFileReference; lastKnownFileType = sourcecode.swift; path = GroupViewController.swift; sourceTree = "<group>"; };
		9EC29C2C22F77C0400AD5883 /* InviteUsersTableViewController.swift */ = {isa = PBXFileReference; lastKnownFileType = sourcecode.swift; path = InviteUsersTableViewController.swift; sourceTree = "<group>"; };
		9EC3C9B322E87D6600ECF960 /* SettingsTableViewController.swift */ = {isa = PBXFileReference; lastKnownFileType = sourcecode.swift; path = SettingsTableViewController.swift; sourceTree = "<group>"; };
		9EC9F23622E8D3D20078BA69 /* ChatsViewController.swift */ = {isa = PBXFileReference; lastKnownFileType = sourcecode.swift; path = ChatsViewController.swift; sourceTree = "<group>"; };
		9ECBCDE322F371610042D0C8 /* BlockedUsersViewController.swift */ = {isa = PBXFileReference; lastKnownFileType = sourcecode.swift; path = BlockedUsersViewController.swift; sourceTree = "<group>"; };
		9ECBCDE522F37C2A0042D0C8 /* BackgroundCollectionViewController.swift */ = {isa = PBXFileReference; lastKnownFileType = sourcecode.swift; path = BackgroundCollectionViewController.swift; sourceTree = "<group>"; };
		9ECBCDE722F37C630042D0C8 /* BackgroundCollectionViewCell.swift */ = {isa = PBXFileReference; lastKnownFileType = sourcecode.swift; path = BackgroundCollectionViewCell.swift; sourceTree = "<group>"; };
		9ECBCDE922F388B10042D0C8 /* EditProfileTableViewController.swift */ = {isa = PBXFileReference; lastKnownFileType = sourcecode.swift; path = EditProfileTableViewController.swift; sourceTree = "<group>"; };
		9ED0230622E825CF009CAE3C /* FinishRegistrationViewController.swift */ = {isa = PBXFileReference; lastKnownFileType = sourcecode.swift; path = FinishRegistrationViewController.swift; sourceTree = "<group>"; };
		9ED0C2AA22F7004C00DF9118 /* GroupMemberCollectionViewCell.swift */ = {isa = PBXFileReference; lastKnownFileType = sourcecode.swift; path = GroupMemberCollectionViewCell.swift; sourceTree = "<group>"; };
		9EE7763622F1D6FA0040AB89 /* PicturesCollectionViewController.swift */ = {isa = PBXFileReference; lastKnownFileType = sourcecode.swift; path = PicturesCollectionViewController.swift; sourceTree = "<group>"; };
		9EE7763822F1D77F0040AB89 /* PicturesCollectionViewCell.swift */ = {isa = PBXFileReference; lastKnownFileType = sourcecode.swift; path = PicturesCollectionViewCell.swift; sourceTree = "<group>"; };
		D86586CD8D9CB56B7275CD9C /* Pods_iChat.framework */ = {isa = PBXFileReference; explicitFileType = wrapper.framework; includeInIndex = 0; path = Pods_iChat.framework; sourceTree = BUILT_PRODUCTS_DIR; };
/* End PBXFileReference section */

/* Begin PBXFrameworksBuildPhase section */
		9E20B65922E74BF200EDFA89 /* Frameworks */ = {
			isa = PBXFrameworksBuildPhase;
			buildActionMask = 2147483647;
			files = (
				46C4C9AB332801A4A59B39AD /* Pods_iChat.framework in Frameworks */,
			);
			runOnlyForDeploymentPostprocessing = 0;
		};
/* End PBXFrameworksBuildPhase section */

/* Begin PBXGroup section */
		41C6CA643C69B4E181AA7E9A /* Frameworks */ = {
			isa = PBXGroup;
			children = (
				D86586CD8D9CB56B7275CD9C /* Pods_iChat.framework */,
			);
			name = Frameworks;
			sourceTree = "<group>";
		};
		5A379C1B7B1101918FCC88C5 /* Pods */ = {
			isa = PBXGroup;
			children = (
				44CE1348D9827AC857C2EF25 /* Pods-iChat.debug.xcconfig */,
				83DAEAAC61C2CF4371F18911 /* Pods-iChat.release.xcconfig */,
			);
			path = Pods;
			sourceTree = "<group>";
		};
		9E1A239122EAC75B003DA7B2 /* WelcomeViews */ = {
			isa = PBXGroup;
			children = (
				9E20B67122E74EF600EDFA89 /* WelcomeViewController.swift */,
				9ED0230622E825CF009CAE3C /* FinishRegistrationViewController.swift */,
			);
			path = WelcomeViews;
			sourceTree = "<group>";
		};
		9E1A239222EAC7AE003DA7B2 /* MainViews */ = {
			isa = PBXGroup;
			children = (
				9EC3C9B322E87D6600ECF960 /* SettingsTableViewController.swift */,
				9EC9F23622E8D3D20078BA69 /* ChatsViewController.swift */,
			);
			path = MainViews;
			sourceTree = "<group>";
		};
		9E1A239322EAC7D5003DA7B2 /* SecondaryViews */ = {
			isa = PBXGroup;
			children = (
				9E398EC922F4626A005B7FBE /* Settings */,
				2F24BE83F62D4AB1C5F27C62 /* UsersTableViewController.swift */,
				9EA8EA4622EC237100296631 /* ChatViewController.swift */,
				9E2EF74F22E9963400B50126 /* ProfileViewTableViewController.swift */,
				9E8B789C22F07C15003E7E5D /* MapViewController.swift */,
				9EE7763622F1D6FA0040AB89 /* PicturesCollectionViewController.swift */,
				9E398ECA22F46291005B7FBE /* ContactsTableViewController.swift */,
				2F24B4F5BD410231A609B6C9 /* NewGroupViewController.swift */,
				9EC29C2A22F7746400AD5883 /* GroupViewController.swift */,
				9EC29C2C22F77C0400AD5883 /* InviteUsersTableViewController.swift */,
			);
			path = SecondaryViews;
			sourceTree = "<group>";
		};
		9E20B65322E74BF100EDFA89 = {
			isa = PBXGroup;
			children = (
				9E20B65E22E74BF200EDFA89 /* iChat */,
				9E20B65D22E74BF200EDFA89 /* Products */,
				5A379C1B7B1101918FCC88C5 /* Pods */,
				41C6CA643C69B4E181AA7E9A /* Frameworks */,
				2F24B01073EC99E7F1879010 /* GoogleService-Info.plist */,
			);
			sourceTree = "<group>";
		};
		9E20B65D22E74BF200EDFA89 /* Products */ = {
			isa = PBXGroup;
			children = (
				9E20B65C22E74BF200EDFA89 /* iChat.app */,
			);
			name = Products;
			sourceTree = "<group>";
		};
		9E20B65E22E74BF200EDFA89 /* iChat */ = {
			isa = PBXGroup;
			children = (
				9E20B65F22E74BF200EDFA89 /* AppDelegate.swift */,
				9E20B66322E74BF200EDFA89 /* Main.storyboard */,
				9E1A239122EAC75B003DA7B2 /* WelcomeViews */,
				9E1A239322EAC7D5003DA7B2 /* SecondaryViews */,
				9E1A239222EAC7AE003DA7B2 /* MainViews */,
				9EF979E022E8A2E4009ABF53 /* CustomCells */,
				9ED0230922E82664009CAE3C /* Classes */,
				9ED0230822E8261B009CAE3C /* Helpers */,
				9E20B66622E74BF300EDFA89 /* Assets.xcassets */,
				9E20B66822E74BF300EDFA89 /* LaunchScreen.storyboard */,
				9E20B66B22E74BF300EDFA89 /* Info.plist */,
			);
			path = iChat;
			sourceTree = "<group>";
		};
		9E398EC922F4626A005B7FBE /* Settings */ = {
			isa = PBXGroup;
			children = (
				9ECBCDE322F371610042D0C8 /* BlockedUsersViewController.swift */,
				9ECBCDE522F37C2A0042D0C8 /* BackgroundCollectionViewController.swift */,
				2F24B7E4D9C725E3A9D2BEC1 /* T&CViewController.swift */,
				9ECBCDE922F388B10042D0C8 /* EditProfileTableViewController.swift */,
			);
			path = Settings;
			sourceTree = "<group>";
		};
		9ED0230822E8261B009CAE3C /* Helpers */ = {
			isa = PBXGroup;
			children = (
				2F24B53CDA89F2EE985CA25D /* Constants.swift */,
				2F24B11FA3BE51387510FCBF /* CollectionReference.swift */,
				2F24B0FAFC2BED109517ACBF /* HelperFunctions.swift */,
				2F24B8FD71673A9E5982F464 /* Downloader.swift */,
			);
			path = Helpers;
			sourceTree = "<group>";
		};
		9ED0230922E82664009CAE3C /* Classes */ = {
			isa = PBXGroup;
			children = (
				2F24B837C7BAB72C24551700 /* FUser.swift */,
				2F24BCA9650B176F7CC8C7B1 /* Recent.swift */,
				2F24BFA5EEE0E6C915AEE3F1 /* OutgoingMessages.swift */,
				2F24BD68D8BFB0D44E04D347 /* IncomingMessages.swift */,
				2F24B71813BDE0E679E18D25 /* Camera.swift */,
				2F24BDA932E7BB4D81C75852 /* PhotoMediaItem.swift */,
				2F24B6E4CCFCDFF286D991C4 /* VideoMessage.swift */,
				2F24B4E2E6D3116F8092036B /* AudioViewController.swift */,
				2F24BE2187A8F555FC5A1049 /* CountryCode.swift */,
				2F24B4723892A65E5386F776 /* Group.swift */,
			);
			path = Classes;
			sourceTree = "<group>";
		};
		9EF979E022E8A2E4009ABF53 /* CustomCells */ = {
			isa = PBXGroup;
			children = (
				2F24B870830B49375E10E55A /* UserTableViewCell.swift */,
				9E4DD92D22EB2561006A9E15 /* RecentChatsTableViewCell.swift */,
				9EE7763822F1D77F0040AB89 /* PicturesCollectionViewCell.swift */,
				9ECBCDE722F37C630042D0C8 /* BackgroundCollectionViewCell.swift */,
				9ED0C2AA22F7004C00DF9118 /* GroupMemberCollectionViewCell.swift */,
			);
			path = CustomCells;
			sourceTree = "<group>";
		};
/* End PBXGroup section */

/* Begin PBXNativeTarget section */
		9E20B65B22E74BF200EDFA89 /* iChat */ = {
			isa = PBXNativeTarget;
			buildConfigurationList = 9E20B66E22E74BF300EDFA89 /* Build configuration list for PBXNativeTarget "iChat" */;
			buildPhases = (
				D9E73D0F657E72463032E4BA /* [CP] Check Pods Manifest.lock */,
				9E20B65822E74BF200EDFA89 /* Sources */,
				9E20B65922E74BF200EDFA89 /* Frameworks */,
				9E20B65A22E74BF200EDFA89 /* Resources */,
				8E207E2D235A316EDA982935 /* [CP] Embed Pods Frameworks */,
			);
			buildRules = (
			);
			dependencies = (
			);
			name = iChat;
			productName = iChat;
			productReference = 9E20B65C22E74BF200EDFA89 /* iChat.app */;
			productType = "com.apple.product-type.application";
		};
/* End PBXNativeTarget section */

/* Begin PBXProject section */
		9E20B65422E74BF100EDFA89 /* Project object */ = {
			isa = PBXProject;
			attributes = {
				LastSwiftUpdateCheck = 1030;
				LastUpgradeCheck = 1030;
				ORGANIZATIONNAME = "Christian Doxa Hamasiah";
				TargetAttributes = {
					9E20B65B22E74BF200EDFA89 = {
						CreatedOnToolsVersion = 10.3;
					};
				};
			};
			buildConfigurationList = 9E20B65722E74BF100EDFA89 /* Build configuration list for PBXProject "iChat" */;
			compatibilityVersion = "Xcode 9.3";
			developmentRegion = en;
			hasScannedForEncodings = 0;
			knownRegions = (
				en,
				Base,
			);
			mainGroup = 9E20B65322E74BF100EDFA89;
			productRefGroup = 9E20B65D22E74BF200EDFA89 /* Products */;
			projectDirPath = "";
			projectRoot = "";
			targets = (
				9E20B65B22E74BF200EDFA89 /* iChat */,
			);
		};
/* End PBXProject section */

/* Begin PBXResourcesBuildPhase section */
		9E20B65A22E74BF200EDFA89 /* Resources */ = {
			isa = PBXResourcesBuildPhase;
			buildActionMask = 2147483647;
			files = (
				9E20B66A22E74BF300EDFA89 /* LaunchScreen.storyboard in Resources */,
				9E20B66722E74BF300EDFA89 /* Assets.xcassets in Resources */,
				9E20B66522E74BF200EDFA89 /* Main.storyboard in Resources */,
				2F24B1FFE8F7581EAA6C3C16 /* GoogleService-Info.plist in Resources */,
			);
			runOnlyForDeploymentPostprocessing = 0;
		};
/* End PBXResourcesBuildPhase section */

/* Begin PBXShellScriptBuildPhase section */
		8E207E2D235A316EDA982935 /* [CP] Embed Pods Frameworks */ = {
			isa = PBXShellScriptBuildPhase;
			buildActionMask = 2147483647;
			files = (
			);
			inputFileListPaths = (
				"${PODS_ROOT}/Target Support Files/Pods-iChat/Pods-iChat-frameworks-${CONFIGURATION}-input-files.xcfilelist",
			);
			name = "[CP] Embed Pods Frameworks";
			outputFileListPaths = (
				"${PODS_ROOT}/Target Support Files/Pods-iChat/Pods-iChat-frameworks-${CONFIGURATION}-output-files.xcfilelist",
			);
			runOnlyForDeploymentPostprocessing = 0;
			shellPath = /bin/sh;
			shellScript = "\"${PODS_ROOT}/Target Support Files/Pods-iChat/Pods-iChat-frameworks.sh\"\n";
			showEnvVarsInLog = 0;
		};
		D9E73D0F657E72463032E4BA /* [CP] Check Pods Manifest.lock */ = {
			isa = PBXShellScriptBuildPhase;
			buildActionMask = 2147483647;
			files = (
			);
			inputFileListPaths = (
			);
			inputPaths = (
				"${PODS_PODFILE_DIR_PATH}/Podfile.lock",
				"${PODS_ROOT}/Manifest.lock",
			);
			name = "[CP] Check Pods Manifest.lock";
			outputFileListPaths = (
			);
			outputPaths = (
				"$(DERIVED_FILE_DIR)/Pods-iChat-checkManifestLockResult.txt",
			);
			runOnlyForDeploymentPostprocessing = 0;
			shellPath = /bin/sh;
			shellScript = "diff \"${PODS_PODFILE_DIR_PATH}/Podfile.lock\" \"${PODS_ROOT}/Manifest.lock\" > /dev/null\nif [ $? != 0 ] ; then\n    # print error to STDERR\n    echo \"error: The sandbox is not in sync with the Podfile.lock. Run 'pod install' or update your CocoaPods installation.\" >&2\n    exit 1\nfi\n# This output is used by Xcode 'outputs' to avoid re-running this script phase.\necho \"SUCCESS\" > \"${SCRIPT_OUTPUT_FILE_0}\"\n";
			showEnvVarsInLog = 0;
		};
/* End PBXShellScriptBuildPhase section */

/* Begin PBXSourcesBuildPhase section */
		9E20B65822E74BF200EDFA89 /* Sources */ = {
			isa = PBXSourcesBuildPhase;
			buildActionMask = 2147483647;
			files = (
				9EC29C2B22F7746400AD5883 /* GroupViewController.swift in Sources */,
				9E4DD92E22EB2561006A9E15 /* RecentChatsTableViewCell.swift in Sources */,
				9E20B66022E74BF200EDFA89 /* AppDelegate.swift in Sources */,
				9E20B67222E74EF600EDFA89 /* WelcomeViewController.swift in Sources */,
				9E2EF75022E9963400B50126 /* ProfileViewTableViewController.swift in Sources */,
				2F24BB0DAEC60C5FAEABEE79 /* FUser.swift in Sources */,
				2F24B7E6A601EE23ECF0E551 /* Constants.swift in Sources */,
				9EC3C9B422E87D6600ECF960 /* SettingsTableViewController.swift in Sources */,
				2F24B8199665CC48537C6DA8 /* CollectionReference.swift in Sources */,
				9EC9F23722E8D3D20078BA69 /* ChatsViewController.swift in Sources */,
				9ECBCDE622F37C2A0042D0C8 /* BackgroundCollectionViewController.swift in Sources */,
				9E8B789D22F07C15003E7E5D /* MapViewController.swift in Sources */,
				9ED0230722E825CF009CAE3C /* FinishRegistrationViewController.swift in Sources */,
				9EE7763722F1D6FA0040AB89 /* PicturesCollectionViewController.swift in Sources */,
				9EE7763922F1D77F0040AB89 /* PicturesCollectionViewCell.swift in Sources */,
				2F24BF29EC93C11F6E2F3461 /* HelperFunctions.swift in Sources */,
				2F24BE887386E335EAB7382D /* UserTableViewCell.swift in Sources */,
				2F24B7CCBE7A1826EA9DA438 /* UsersTableViewController.swift in Sources */,
				9EA8EA4722EC237100296631 /* ChatViewController.swift in Sources */,
				2F24B4D86AD168655ADF9365 /* Recent.swift in Sources */,
				2F24BA08A37C6F1B4F667A9B /* OutgoingMessages.swift in Sources */,
				9ECBCDE822F37C630042D0C8 /* BackgroundCollectionViewCell.swift in Sources */,
				2F24B9A6E74A2BD9390C13FF /* IncomingMessages.swift in Sources */,
				9EC29C2D22F77C0400AD5883 /* InviteUsersTableViewController.swift in Sources */,
				2F24BA26BE5797C0CD5D24F0 /* Camera.swift in Sources */,
				9ECBCDEA22F388B10042D0C8 /* EditProfileTableViewController.swift in Sources */,
				2F24BBBC0E1061F62378B03B /* Downloader.swift in Sources */,
				2F24B57EAA67AFFDF53CDEA2 /* PhotoMediaItem.swift in Sources */,
				2F24B62B125405C255ED9C37 /* VideoMessage.swift in Sources */,
				9ECBCDE422F371610042D0C8 /* BlockedUsersViewController.swift in Sources */,
				9ED0C2AB22F7004C00DF9118 /* GroupMemberCollectionViewCell.swift in Sources */,
				2F24BBFE520A4266E0C30765 /* AudioViewController.swift in Sources */,
				2F24B181C83B546F98F92F4F /* T&CViewController.swift in Sources */,
				9E398ECB22F46291005B7FBE /* ContactsTableViewController.swift in Sources */,
				2F24B80B0E68340D29B9FE9F /* CountryCode.swift in Sources */,
				2F24B994D87E04AC2FFF13B7 /* NewGroupViewController.swift in Sources */,
				2F24B71E990B30F8F60C9F26 /* Group.swift in Sources */,
			);
			runOnlyForDeploymentPostprocessing = 0;
		};
/* End PBXSourcesBuildPhase section */

/* Begin PBXVariantGroup section */
		9E20B66322E74BF200EDFA89 /* Main.storyboard */ = {
			isa = PBXVariantGroup;
			children = (
				9E20B66422E74BF200EDFA89 /* Base */,
			);
			name = Main.storyboard;
			sourceTree = "<group>";
		};
		9E20B66822E74BF300EDFA89 /* LaunchScreen.storyboard */ = {
			isa = PBXVariantGroup;
			children = (
				9E20B66922E74BF300EDFA89 /* Base */,
			);
			name = LaunchScreen.storyboard;
			sourceTree = "<group>";
		};
/* End PBXVariantGroup section */

/* Begin XCBuildConfiguration section */
		9E20B66C22E74BF300EDFA89 /* Debug */ = {
			isa = XCBuildConfiguration;
			buildSettings = {
				ALWAYS_SEARCH_USER_PATHS = NO;
				CLANG_ANALYZER_NONNULL = YES;
				CLANG_ANALYZER_NUMBER_OBJECT_CONVERSION = YES_AGGRESSIVE;
				CLANG_CXX_LANGUAGE_STANDARD = "gnu++14";
				CLANG_CXX_LIBRARY = "libc++";
				CLANG_ENABLE_MODULES = YES;
				CLANG_ENABLE_OBJC_ARC = YES;
				CLANG_ENABLE_OBJC_WEAK = YES;
				CLANG_WARN_BLOCK_CAPTURE_AUTORELEASING = YES;
				CLANG_WARN_BOOL_CONVERSION = YES;
				CLANG_WARN_COMMA = YES;
				CLANG_WARN_CONSTANT_CONVERSION = YES;
				CLANG_WARN_DEPRECATED_OBJC_IMPLEMENTATIONS = YES;
				CLANG_WARN_DIRECT_OBJC_ISA_USAGE = YES_ERROR;
				CLANG_WARN_DOCUMENTATION_COMMENTS = YES;
				CLANG_WARN_EMPTY_BODY = YES;
				CLANG_WARN_ENUM_CONVERSION = YES;
				CLANG_WARN_INFINITE_RECURSION = YES;
				CLANG_WARN_INT_CONVERSION = YES;
				CLANG_WARN_NON_LITERAL_NULL_CONVERSION = YES;
				CLANG_WARN_OBJC_IMPLICIT_RETAIN_SELF = YES;
				CLANG_WARN_OBJC_LITERAL_CONVERSION = YES;
				CLANG_WARN_OBJC_ROOT_CLASS = YES_ERROR;
				CLANG_WARN_RANGE_LOOP_ANALYSIS = YES;
				CLANG_WARN_STRICT_PROTOTYPES = YES;
				CLANG_WARN_SUSPICIOUS_MOVE = YES;
				CLANG_WARN_UNGUARDED_AVAILABILITY = YES_AGGRESSIVE;
				CLANG_WARN_UNREACHABLE_CODE = YES;
				CLANG_WARN__DUPLICATE_METHOD_MATCH = YES;
				CODE_SIGN_IDENTITY = "iPhone Developer";
				COPY_PHASE_STRIP = NO;
				DEBUG_INFORMATION_FORMAT = dwarf;
				ENABLE_STRICT_OBJC_MSGSEND = YES;
				ENABLE_TESTABILITY = YES;
				GCC_C_LANGUAGE_STANDARD = gnu11;
				GCC_DYNAMIC_NO_PIC = NO;
				GCC_NO_COMMON_BLOCKS = YES;
				GCC_OPTIMIZATION_LEVEL = 0;
				GCC_PREPROCESSOR_DEFINITIONS = (
					"DEBUG=1",
					"$(inherited)",
				);
				GCC_WARN_64_TO_32_BIT_CONVERSION = YES;
				GCC_WARN_ABOUT_RETURN_TYPE = YES_ERROR;
				GCC_WARN_UNDECLARED_SELECTOR = YES;
				GCC_WARN_UNINITIALIZED_AUTOS = YES_AGGRESSIVE;
				GCC_WARN_UNUSED_FUNCTION = YES;
				GCC_WARN_UNUSED_VARIABLE = YES;
				IPHONEOS_DEPLOYMENT_TARGET = 12.4;
				MTL_ENABLE_DEBUG_INFO = INCLUDE_SOURCE;
				MTL_FAST_MATH = YES;
				ONLY_ACTIVE_ARCH = YES;
				SDKROOT = iphoneos;
				SWIFT_ACTIVE_COMPILATION_CONDITIONS = DEBUG;
				SWIFT_OPTIMIZATION_LEVEL = "-Onone";
			};
			name = Debug;
		};
		9E20B66D22E74BF300EDFA89 /* Release */ = {
			isa = XCBuildConfiguration;
			buildSettings = {
				ALWAYS_SEARCH_USER_PATHS = NO;
				CLANG_ANALYZER_NONNULL = YES;
				CLANG_ANALYZER_NUMBER_OBJECT_CONVERSION = YES_AGGRESSIVE;
				CLANG_CXX_LANGUAGE_STANDARD = "gnu++14";
				CLANG_CXX_LIBRARY = "libc++";
				CLANG_ENABLE_MODULES = YES;
				CLANG_ENABLE_OBJC_ARC = YES;
				CLANG_ENABLE_OBJC_WEAK = YES;
				CLANG_WARN_BLOCK_CAPTURE_AUTORELEASING = YES;
				CLANG_WARN_BOOL_CONVERSION = YES;
				CLANG_WARN_COMMA = YES;
				CLANG_WARN_CONSTANT_CONVERSION = YES;
				CLANG_WARN_DEPRECATED_OBJC_IMPLEMENTATIONS = YES;
				CLANG_WARN_DIRECT_OBJC_ISA_USAGE = YES_ERROR;
				CLANG_WARN_DOCUMENTATION_COMMENTS = YES;
				CLANG_WARN_EMPTY_BODY = YES;
				CLANG_WARN_ENUM_CONVERSION = YES;
				CLANG_WARN_INFINITE_RECURSION = YES;
				CLANG_WARN_INT_CONVERSION = YES;
				CLANG_WARN_NON_LITERAL_NULL_CONVERSION = YES;
				CLANG_WARN_OBJC_IMPLICIT_RETAIN_SELF = YES;
				CLANG_WARN_OBJC_LITERAL_CONVERSION = YES;
				CLANG_WARN_OBJC_ROOT_CLASS = YES_ERROR;
				CLANG_WARN_RANGE_LOOP_ANALYSIS = YES;
				CLANG_WARN_STRICT_PROTOTYPES = YES;
				CLANG_WARN_SUSPICIOUS_MOVE = YES;
				CLANG_WARN_UNGUARDED_AVAILABILITY = YES_AGGRESSIVE;
				CLANG_WARN_UNREACHABLE_CODE = YES;
				CLANG_WARN__DUPLICATE_METHOD_MATCH = YES;
				CODE_SIGN_IDENTITY = "iPhone Developer";
				COPY_PHASE_STRIP = NO;
				DEBUG_INFORMATION_FORMAT = "dwarf-with-dsym";
				ENABLE_NS_ASSERTIONS = NO;
				ENABLE_STRICT_OBJC_MSGSEND = YES;
				GCC_C_LANGUAGE_STANDARD = gnu11;
				GCC_NO_COMMON_BLOCKS = YES;
				GCC_WARN_64_TO_32_BIT_CONVERSION = YES;
				GCC_WARN_ABOUT_RETURN_TYPE = YES_ERROR;
				GCC_WARN_UNDECLARED_SELECTOR = YES;
				GCC_WARN_UNINITIALIZED_AUTOS = YES_AGGRESSIVE;
				GCC_WARN_UNUSED_FUNCTION = YES;
				GCC_WARN_UNUSED_VARIABLE = YES;
				IPHONEOS_DEPLOYMENT_TARGET = 12.4;
				MTL_ENABLE_DEBUG_INFO = NO;
				MTL_FAST_MATH = YES;
				SDKROOT = iphoneos;
				SWIFT_COMPILATION_MODE = wholemodule;
				SWIFT_OPTIMIZATION_LEVEL = "-O";
				VALIDATE_PRODUCT = YES;
			};
			name = Release;
		};
		9E20B66F22E74BF300EDFA89 /* Debug */ = {
			isa = XCBuildConfiguration;
			baseConfigurationReference = 44CE1348D9827AC857C2EF25 /* Pods-iChat.debug.xcconfig */;
			buildSettings = {
				ASSETCATALOG_COMPILER_APPICON_NAME = AppIcon;
				CODE_SIGN_STYLE = Automatic;
				DEVELOPMENT_TEAM = 35D5WF44F3;
				INFOPLIST_FILE = iChat/Info.plist;
				LD_RUNPATH_SEARCH_PATHS = (
					"$(inherited)",
					"@executable_path/Frameworks",
				);
				PRODUCT_BUNDLE_IDENTIFIER = com.codeasteroid.iChat;
				PRODUCT_NAME = "$(TARGET_NAME)";
				SWIFT_VERSION = 5.0;
				TARGETED_DEVICE_FAMILY = "1,2";
			};
			name = Debug;
		};
		9E20B67022E74BF300EDFA89 /* Release */ = {
			isa = XCBuildConfiguration;
			baseConfigurationReference = 83DAEAAC61C2CF4371F18911 /* Pods-iChat.release.xcconfig */;
			buildSettings = {
				ASSETCATALOG_COMPILER_APPICON_NAME = AppIcon;
				CODE_SIGN_STYLE = Automatic;
				DEVELOPMENT_TEAM = 35D5WF44F3;
				INFOPLIST_FILE = iChat/Info.plist;
				LD_RUNPATH_SEARCH_PATHS = (
					"$(inherited)",
					"@executable_path/Frameworks",
				);
				PRODUCT_BUNDLE_IDENTIFIER = com.codeasteroid.iChat;
				PRODUCT_NAME = "$(TARGET_NAME)";
				SWIFT_VERSION = 5.0;
				TARGETED_DEVICE_FAMILY = "1,2";
			};
			name = Release;
		};
/* End XCBuildConfiguration section */

/* Begin XCConfigurationList section */
		9E20B65722E74BF100EDFA89 /* Build configuration list for PBXProject "iChat" */ = {
			isa = XCConfigurationList;
			buildConfigurations = (
				9E20B66C22E74BF300EDFA89 /* Debug */,
				9E20B66D22E74BF300EDFA89 /* Release */,
			);
			defaultConfigurationIsVisible = 0;
			defaultConfigurationName = Release;
		};
		9E20B66E22E74BF300EDFA89 /* Build configuration list for PBXNativeTarget "iChat" */ = {
			isa = XCConfigurationList;
			buildConfigurations = (
				9E20B66F22E74BF300EDFA89 /* Debug */,
				9E20B67022E74BF300EDFA89 /* Release */,
			);
			defaultConfigurationIsVisible = 0;
			defaultConfigurationName = Release;
		};
/* End XCConfigurationList section */
	};
	rootObject = 9E20B65422E74BF100EDFA89 /* Project object */;
}
